
Microsoft Visual Studio Solution File, Format Version 12.00
# Visual Studio Version 16
VisualStudioVersion = 16.0.30907.101
MinimumVisualStudioVersion = 10.0.40219.1
Project("{9A19103F-16F7-4668-BE54-9A1E7A4F7556}") = "DataAccess", "DataAccess\DataAccess.csproj", "{FEAB4387-F1CE-4099-AF74-9BAB6DC4E083}"
EndProject
Project("{9A19103F-16F7-4668-BE54-9A1E7A4F7556}") = "Business", "Business\Business.csproj", "{233F8BE0-8B23-4269-8CF5-D41AF512EE94}"
EndProject
Project("{9A19103F-16F7-4668-BE54-9A1E7A4F7556}") = "Entities", "Entities\Entities.csproj", "{78732E35-563F-4DF3-869C-04330AF8D7F9}"
EndProject
Project("{9A19103F-16F7-4668-BE54-9A1E7A4F7556}") = "ConsoleUI", "ConsoleUI\ConsoleUI.csproj", "{08966FEB-23CF-47E9-BE17-8B13F34332C2}"
EndProject
Project("{9A19103F-16F7-4668-BE54-9A1E7A4F7556}") = "Core", "Core\Core.csproj", "{0EC1BD5F-A9C6-4A5B-8AD9-F344450B0498}"
EndProject
Project("{FAE04EC0-301F-11D3-BF4B-00C04F79EFBC}") = "WebAPI", "WebAPI\WebAPI.csproj", "{0E26AEFA-A136-45A4-89CF-1E8421FB010B}"
EndProject
Global
	GlobalSection(SolutionConfigurationPlatforms) = preSolution
		Debug|Any CPU = Debug|Any CPU
		Release|Any CPU = Release|Any CPU
	EndGlobalSection
	GlobalSection(ProjectConfigurationPlatforms) = postSolution
		{FEAB4387-F1CE-4099-AF74-9BAB6DC4E083}.Debug|Any CPU.ActiveCfg = Debug|Any CPU
		{FEAB4387-F1CE-4099-AF74-9BAB6DC4E083}.Debug|Any CPU.Build.0 = Debug|Any CPU
		{FEAB4387-F1CE-4099-AF74-9BAB6DC4E083}.Release|Any CPU.ActiveCfg = Release|Any CPU
		{FEAB4387-F1CE-4099-AF74-9BAB6DC4E083}.Release|Any CPU.Build.0 = Release|Any CPU
		{233F8BE0-8B23-4269-8CF5-D41AF512EE94}.Debug|Any CPU.ActiveCfg = Debug|Any CPU
		{233F8BE0-8B23-4269-8CF5-D41AF512EE94}.Debug|Any CPU.Build.0 = Debug|Any CPU
		{233F8BE0-8B23-4269-8CF5-D41AF512EE94}.Release|Any CPU.ActiveCfg = Release|Any CPU
		{233F8BE0-8B23-4269-8CF5-D41AF512EE94}.Release|Any CPU.Build.0 = Release|Any CPU
		{78732E35-563F-4DF3-869C-04330AF8D7F9}.Debug|Any CPU.ActiveCfg = Debug|Any CPU
		{78732E35-563F-4DF3-869C-04330AF8D7F9}.Debug|Any CPU.Build.0 = Debug|Any CPU
		{78732E35-563F-4DF3-869C-04330AF8D7F9}.Release|Any CPU.ActiveCfg = Release|Any CPU
		{78732E35-563F-4DF3-869C-04330AF8D7F9}.Release|Any CPU.Build.0 = Release|Any CPU
		{08966FEB-23CF-47E9-BE17-8B13F34332C2}.Debug|Any CPU.ActiveCfg = Debug|Any CPU
		{08966FEB-23CF-47E9-BE17-8B13F34332C2}.Debug|Any CPU.Build.0 = Debug|Any CPU
		{08966FEB-23CF-47E9-BE17-8B13F34332C2}.Release|Any CPU.ActiveCfg = Release|Any CPU
		{08966FEB-23CF-47E9-BE17-8B13F34332C2}.Release|Any CPU.Build.0 = Release|Any CPU
		{0EC1BD5F-A9C6-4A5B-8AD9-F344450B0498}.Debug|Any CPU.ActiveCfg = Debug|Any CPU
		{0EC1BD5F-A9C6-4A5B-8AD9-F344450B0498}.Debug|Any CPU.Build.0 = Debug|Any CPU
		{0EC1BD5F-A9C6-4A5B-8AD9-F344450B0498}.Release|Any CPU.ActiveCfg = Release|Any CPU
		{0EC1BD5F-A9C6-4A5B-8AD9-F344450B0498}.Release|Any CPU.Build.0 = Release|Any CPU
		{0E26AEFA-A136-45A4-89CF-1E8421FB010B}.Debug|Any CPU.ActiveCfg = Debug|Any CPU
		{0E26AEFA-A136-45A4-89CF-1E8421FB010B}.Debug|Any CPU.Build.0 = Debug|Any CPU
		{0E26AEFA-A136-45A4-89CF-1E8421FB010B}.Release|Any CPU.ActiveCfg = Release|Any CPU
		{0E26AEFA-A136-45A4-89CF-1E8421FB010B}.Release|Any CPU.Build.0 = Release|Any CPU
	EndGlobalSection
	GlobalSection(SolutionProperties) = preSolution
		HideSolutionNode = FALSE
	EndGlobalSection
	GlobalSection(ExtensibilityGlobals) = postSolution
		SolutionGuid = {F66D32CC-D0EA-45D4-8C20-156F77A904E0}
	EndGlobalSection
EndGlobal
